// !$*UTF8*$!
{
	archiveVersion = 1;
	classes = {
	};
	objectVersion = 46;
	objects = {

/* Begin PBXBuildFile section */
		B0C630241A53A40B00CFBD42 /* ImageViewController.m in Sources */ = {isa = PBXBuildFile; fileRef = B0C630231A53A40B00CFBD42 /* ImageViewController.m */; };
		B0D1FC4E1A53818C0028D301 /* main.m in Sources */ = {isa = PBXBuildFile; fileRef = B0D1FC4D1A53818C0028D301 /* main.m */; };
		B0D1FC511A53818C0028D301 /* AppDelegate.m in Sources */ = {isa = PBXBuildFile; fileRef = B0D1FC501A53818C0028D301 /* AppDelegate.m */; };
		B0D1FC541A53818C0028D301 /* ViewController.m in Sources */ = {isa = PBXBuildFile; fileRef = B0D1FC531A53818C0028D301 /* ViewController.m */; };
		B0D1FC571A53818C0028D301 /* Main.storyboard in Resources */ = {isa = PBXBuildFile; fileRef = B0D1FC551A53818C0028D301 /* Main.storyboard */; };
		B0D1FC591A53818C0028D301 /* Images.xcassets in Resources */ = {isa = PBXBuildFile; fileRef = B0D1FC581A53818C0028D301 /* Images.xcassets */; };
		B0D1FC5C1A53818C0028D301 /* LaunchScreen.xib in Resources */ = {isa = PBXBuildFile; fileRef = B0D1FC5A1A53818C0028D301 /* LaunchScreen.xib */; };
		B0D1FC681A53818C0028D301 /* ShutterBugTests.m in Sources */ = {isa = PBXBuildFile; fileRef = B0D1FC671A53818C0028D301 /* ShutterBugTests.m */; };
		B0D1FC731A5381EF0028D301 /* FlickrPhotosTableViewController.m in Sources */ = {isa = PBXBuildFile; fileRef = B0D1FC721A5381EF0028D301 /* FlickrPhotosTableViewController.m */; };
		B0D1FC761A5382C60028D301 /* JustPostedFlickrPhotosTVCViewController.m in Sources */ = {isa = PBXBuildFile; fileRef = B0D1FC751A5382C60028D301 /* JustPostedFlickrPhotosTVCViewController.m */; };
		B0D1FC7B1A53844C0028D301 /* FlickrFetcher.m in Sources */ = {isa = PBXBuildFile; fileRef = B0D1FC7A1A53844C0028D301 /* FlickrFetcher.m */; };
/* End PBXBuildFile section */

/* Begin PBXContainerItemProxy section */
		B0D1FC621A53818C0028D301 /* PBXContainerItemProxy */ = {
			isa = PBXContainerItemProxy;
			containerPortal = B0D1FC401A53818C0028D301 /* Project object */;
			proxyType = 1;
			remoteGlobalIDString = B0D1FC471A53818C0028D301;
			remoteInfo = ShutterBug;
		};
/* End PBXContainerItemProxy section */

/* Begin PBXFileReference section */
		B0C630221A53A40B00CFBD42 /* ImageViewController.h */ = {isa = PBXFileReference; fileEncoding = 4; lastKnownFileType = sourcecode.c.h; name = ImageViewController.h; path = ../../Imaginarium/Imaginarium/ImageViewController.h; sourceTree = "<group>"; };
		B0C630231A53A40B00CFBD42 /* ImageViewController.m */ = {isa = PBXFileReference; fileEncoding = 4; lastKnownFileType = sourcecode.c.objc; name = ImageViewController.m; path = ../../Imaginarium/Imaginarium/ImageViewController.m; sourceTree = "<group>"; };
		B0D1FC481A53818C0028D301 /* ShutterBug.app */ = {isa = PBXFileReference; explicitFileType = wrapper.application; includeInIndex = 0; path = ShutterBug.app; sourceTree = BUILT_PRODUCTS_DIR; };
		B0D1FC4C1A53818C0028D301 /* Info.plist */ = {isa = PBXFileReference; lastKnownFileType = text.plist.xml; path = Info.plist; sourceTree = "<group>"; };
		B0D1FC4D1A53818C0028D301 /* main.m */ = {isa = PBXFileReference; lastKnownFileType = sourcecode.c.objc; path = main.m; sourceTree = "<group>"; };
		B0D1FC4F1A53818C0028D301 /* AppDelegate.h */ = {isa = PBXFileReference; lastKnownFileType = sourcecode.c.h; path = AppDelegate.h; sourceTree = "<group>"; };
		B0D1FC501A53818C0028D301 /* AppDelegate.m */ = {isa = PBXFileReference; lastKnownFileType = sourcecode.c.objc; path = AppDelegate.m; sourceTree = "<group>"; };
		B0D1FC521A53818C0028D301 /* ViewController.h */ = {isa = PBXFileReference; lastKnownFileType = sourcecode.c.h; path = ViewController.h; sourceTree = "<group>"; };
		B0D1FC531A53818C0028D301 /* ViewController.m */ = {isa = PBXFileReference; lastKnownFileType = sourcecode.c.objc; path = ViewController.m; sourceTree = "<group>"; };
		B0D1FC561A53818C0028D301 /* Base */ = {isa = PBXFileReference; lastKnownFileType = file.storyboard; name = Base; path = Base.lproj/Main.storyboard; sourceTree = "<group>"; };
		B0D1FC581A53818C0028D301 /* Images.xcassets */ = {isa = PBXFileReference; lastKnownFileType = folder.assetcatalog; path = Images.xcassets; sourceTree = "<group>"; };
		B0D1FC5B1A53818C0028D301 /* Base */ = {isa = PBXFileReference; lastKnownFileType = file.xib; name = Base; path = Base.lproj/LaunchScreen.xib; sourceTree = "<group>"; };
		B0D1FC611A53818C0028D301 /* ShutterBugTests.xctest */ = {isa = PBXFileReference; explicitFileType = wrapper.cfbundle; includeInIndex = 0; path = ShutterBugTests.xctest; sourceTree = BUILT_PRODUCTS_DIR; };
		B0D1FC661A53818C0028D301 /* Info.plist */ = {isa = PBXFileReference; lastKnownFileType = text.plist.xml; path = Info.plist; sourceTree = "<group>"; };
		B0D1FC671A53818C0028D301 /* ShutterBugTests.m */ = {isa = PBXFileReference; lastKnownFileType = sourcecode.c.objc; path = ShutterBugTests.m; sourceTree = "<group>"; };
		B0D1FC711A5381EF0028D301 /* FlickrPhotosTableViewController.h */ = {isa = PBXFileReference; fileEncoding = 4; lastKnownFileType = sourcecode.c.h; path = FlickrPhotosTableViewController.h; sourceTree = "<group>"; };
		B0D1FC721A5381EF0028D301 /* FlickrPhotosTableViewController.m */ = {isa = PBXFileReference; fileEncoding = 4; lastKnownFileType = sourcecode.c.objc; path = FlickrPhotosTableViewController.m; sourceTree = "<group>"; };
		B0D1FC741A5382C60028D301 /* JustPostedFlickrPhotosTVCViewController.h */ = {isa = PBXFileReference; fileEncoding = 4; lastKnownFileType = sourcecode.c.h; path = JustPostedFlickrPhotosTVCViewController.h; sourceTree = "<group>"; };
		B0D1FC751A5382C60028D301 /* JustPostedFlickrPhotosTVCViewController.m */ = {isa = PBXFileReference; fileEncoding = 4; lastKnownFileType = sourcecode.c.objc; path = JustPostedFlickrPhotosTVCViewController.m; sourceTree = "<group>"; };
		B0D1FC781A53844C0028D301 /* FlickrAPIKey.h */ = {isa = PBXFileReference; fileEncoding = 4; lastKnownFileType = sourcecode.c.h; path = FlickrAPIKey.h; sourceTree = "<group>"; };
		B0D1FC791A53844C0028D301 /* FlickrFetcher.h */ = {isa = PBXFileReference; fileEncoding = 4; lastKnownFileType = sourcecode.c.h; path = FlickrFetcher.h; sourceTree = "<group>"; };
		B0D1FC7A1A53844C0028D301 /* FlickrFetcher.m */ = {isa = PBXFileReference; fileEncoding = 4; lastKnownFileType = sourcecode.c.objc; path = FlickrFetcher.m; sourceTree = "<group>"; };
/* End PBXFileReference section */

/* Begin PBXFrameworksBuildPhase section */
		B0D1FC451A53818C0028D301 /* Frameworks */ = {
			isa = PBXFrameworksBuildPhase;
			buildActionMask = 2147483647;
			files = (
			);
			runOnlyForDeploymentPostprocessing = 0;
		};
		B0D1FC5E1A53818C0028D301 /* Frameworks */ = {
			isa = PBXFrameworksBuildPhase;
			buildActionMask = 2147483647;
			files = (
			);
			runOnlyForDeploymentPostprocessing = 0;
		};
/* End PBXFrameworksBuildPhase section */

/* Begin PBXGroup section */
		B0D1FC3F1A53818C0028D301 = {
			isa = PBXGroup;
			children = (
				B0D1FC4A1A53818C0028D301 /* ShutterBug */,
				B0D1FC641A53818C0028D301 /* ShutterBugTests */,
				B0D1FC491A53818C0028D301 /* Products */,
			);
			sourceTree = "<group>";
		};
		B0D1FC491A53818C0028D301 /* Products */ = {
			isa = PBXGroup;
			children = (
				B0D1FC481A53818C0028D301 /* ShutterBug.app */,
				B0D1FC611A53818C0028D301 /* ShutterBugTests.xctest */,
			);
			name = Products;
			sourceTree = "<group>";
		};
		B0D1FC4A1A53818C0028D301 /* ShutterBug */ = {
			isa = PBXGroup;
			children = (
				B0D1FC4F1A53818C0028D301 /* AppDelegate.h */,
				B0D1FC501A53818C0028D301 /* AppDelegate.m */,
				B0D1FC521A53818C0028D301 /* ViewController.h */,
				B0D1FC531A53818C0028D301 /* ViewController.m */,
				B0C630221A53A40B00CFBD42 /* ImageViewController.h */,
				B0C630231A53A40B00CFBD42 /* ImageViewController.m */,
				B0D1FC551A53818C0028D301 /* Main.storyboard */,
				B0D1FC711A5381EF0028D301 /* FlickrPhotosTableViewController.h */,
				B0D1FC721A5381EF0028D301 /* FlickrPhotosTableViewController.m */,
				B0D1FC741A5382C60028D301 /* JustPostedFlickrPhotosTVCViewController.h */,
				B0D1FC751A5382C60028D301 /* JustPostedFlickrPhotosTVCViewController.m */,
				B0D1FC771A53844C0028D301 /* FlickrFetcher */,
				B0D1FC581A53818C0028D301 /* Images.xcassets */,
				B0D1FC5A1A53818C0028D301 /* LaunchScreen.xib */,
				B0D1FC4B1A53818C0028D301 /* Supporting Files */,
			);
			path = ShutterBug;
			sourceTree = "<group>";
		};
		B0D1FC4B1A53818C0028D301 /* Supporting Files */ = {
			isa = PBXGroup;
			children = (
				B0D1FC4C1A53818C0028D301 /* Info.plist */,
				B0D1FC4D1A53818C0028D301 /* main.m */,
			);
			name = "Supporting Files";
			sourceTree = "<group>";
		};
		B0D1FC641A53818C0028D301 /* ShutterBugTests */ = {
			isa = PBXGroup;
			children = (
				B0D1FC671A53818C0028D301 /* ShutterBugTests.m */,
				B0D1FC651A53818C0028D301 /* Supporting Files */,
			);
			path = ShutterBugTests;
			sourceTree = "<group>";
		};
		B0D1FC651A53818C0028D301 /* Supporting Files */ = {
			isa = PBXGroup;
			children = (
				B0D1FC661A53818C0028D301 /* Info.plist */,
			);
			name = "Supporting Files";
			sourceTree = "<group>";
		};
		B0D1FC771A53844C0028D301 /* FlickrFetcher */ = {
			isa = PBXGroup;
			children = (
				B0D1FC781A53844C0028D301 /* FlickrAPIKey.h */,
				B0D1FC791A53844C0028D301 /* FlickrFetcher.h */,
				B0D1FC7A1A53844C0028D301 /* FlickrFetcher.m */,
			);
			path = FlickrFetcher;
			sourceTree = "<group>";
		};
/* End PBXGroup section */

/* Begin PBXNativeTarget section */
		B0D1FC471A53818C0028D301 /* ShutterBug */ = {
			isa = PBXNativeTarget;
			buildConfigurationList = B0D1FC6B1A53818C0028D301 /* Build configuration list for PBXNativeTarget "ShutterBug" */;
			buildPhases = (
				B0D1FC441A53818C0028D301 /* Sources */,
				B0D1FC451A53818C0028D301 /* Frameworks */,
				B0D1FC461A53818C0028D301 /* Resources */,
			);
			buildRules = (
			);
			dependencies = (
			);
			name = ShutterBug;
			productName = ShutterBug;
			productReference = B0D1FC481A53818C0028D301 /* ShutterBug.app */;
			productType = "com.apple.product-type.application";
		};
		B0D1FC601A53818C0028D301 /* ShutterBugTests */ = {
			isa = PBXNativeTarget;
			buildConfigurationList = B0D1FC6E1A53818C0028D301 /* Build configuration list for PBXNativeTarget "ShutterBugTests" */;
			buildPhases = (
				B0D1FC5D1A53818C0028D301 /* Sources */,
				B0D1FC5E1A53818C0028D301 /* Frameworks */,
				B0D1FC5F1A53818C0028D301 /* Resources */,
			);
			buildRules = (
			);
			dependencies = (
				B0D1FC631A53818C0028D301 /* PBXTargetDependency */,
			);
			name = ShutterBugTests;
			productName = ShutterBugTests;
			productReference = B0D1FC611A53818C0028D301 /* ShutterBugTests.xctest */;
			productType = "com.apple.product-type.bundle.unit-test";
		};
/* End PBXNativeTarget section */

/* Begin PBXProject section */
		B0D1FC401A53818C0028D301 /* Project object */ = {
			isa = PBXProject;
			attributes = {
				LastUpgradeCheck = 0610;
				ORGANIZATIONNAME = "Andrew Codispoti";
				TargetAttributes = {
					B0D1FC471A53818C0028D301 = {
						CreatedOnToolsVersion = 6.1.1;
					};
					B0D1FC601A53818C0028D301 = {
						CreatedOnToolsVersion = 6.1.1;
						TestTargetID = B0D1FC471A53818C0028D301;
					};
				};
			};
			buildConfigurationList = B0D1FC431A53818C0028D301 /* Build configuration list for PBXProject "ShutterBug" */;
			compatibilityVersion = "Xcode 3.2";
			developmentRegion = English;
			hasScannedForEncodings = 0;
			knownRegions = (
				en,
				Base,
			);
			mainGroup = B0D1FC3F1A53818C0028D301;
			productRefGroup = B0D1FC491A53818C0028D301 /* Products */;
			projectDirPath = "";
			projectRoot = "";
			targets = (
				B0D1FC471A53818C0028D301 /* ShutterBug */,
				B0D1FC601A53818C0028D301 /* ShutterBugTests */,
			);
		};
/* End PBXProject section */

/* Begin PBXResourcesBuildPhase section */
		B0D1FC461A53818C0028D301 /* Resources */ = {
			isa = PBXResourcesBuildPhase;
			buildActionMask = 2147483647;
			files = (
				B0D1FC571A53818C0028D301 /* Main.storyboard in Resources */,
				B0D1FC5C1A53818C0028D301 /* LaunchScreen.xib in Resources */,
				B0D1FC591A53818C0028D301 /* Images.xcassets in Resources */,
			);
			runOnlyForDeploymentPostprocessing = 0;
		};
		B0D1FC5F1A53818C0028D301 /* Resources */ = {
			isa = PBXResourcesBuildPhase;
			buildActionMask = 2147483647;
			files = (
			);
			runOnlyForDeploymentPostprocessing = 0;
		};
/* End PBXResourcesBuildPhase section */

/* Begin PBXSourcesBuildPhase section */
		B0D1FC441A53818C0028D301 /* Sources */ = {
			isa = PBXSourcesBuildPhase;
			buildActionMask = 2147483647;
			files = (
				B0D1FC541A53818C0028D301 /* ViewController.m in Sources */,
				B0D1FC731A5381EF0028D301 /* FlickrPhotosTableViewController.m in Sources */,
				B0D1FC761A5382C60028D301 /* JustPostedFlickrPhotosTVCViewController.m in Sources */,
				B0D1FC511A53818C0028D301 /* AppDelegate.m in Sources */,
				B0D1FC7B1A53844C0028D301 /* FlickrFetcher.m in Sources */,
				B0C630241A53A40B00CFBD42 /* ImageViewController.m in Sources */,
				B0D1FC4E1A53818C0028D301 /* main.m in Sources */,
			);
			runOnlyForDeploymentPostprocessing = 0;
		};
		B0D1FC5D1A53818C0028D301 /* Sources */ = {
			isa = PBXSourcesBuildPhase;
			buildActionMask = 2147483647;
			files = (
				B0D1FC681A53818C0028D301 /* ShutterBugTests.m in Sources */,
			);
			runOnlyForDeploymentPostprocessing = 0;
		};
/* End PBXSourcesBuildPhase section */

/* Begin PBXTargetDependency section */
		B0D1FC631A53818C0028D301 /* PBXTargetDependency */ = {
			isa = PBXTargetDependency;
			target = B0D1FC471A53818C0028D301 /* ShutterBug */;
			targetProxy = B0D1FC621A53818C0028D301 /* PBXContainerItemProxy */;
		};
/* End PBXTargetDependency section */

/* Begin PBXVariantGroup section */
		B0D1FC551A53818C0028D301 /* Main.storyboard */ = {
			isa = PBXVariantGroup;
			children = (
				B0D1FC561A53818C0028D301 /* Base */,
			);
			name = Main.storyboard;
			sourceTree = "<group>";
		};
		B0D1FC5A1A53818C0028D301 /* LaunchScreen.xib */ = {
			isa = PBXVariantGroup;
			children = (
				B0D1FC5B1A53818C0028D301 /* Base */,
			);
			name = LaunchScreen.xib;
			sourceTree = "<group>";
		};
/* End PBXVariantGroup section */

/* Begin XCBuildConfiguration section */
		B0D1FC691A53818C0028D301 /* Debug */ = {
			isa = XCBuildConfiguration;
			buildSettings = {
				ALWAYS_SEARCH_USER_PATHS = NO;
				CLANG_CXX_LANGUAGE_STANDARD = "gnu++0x";
				CLANG_CXX_LIBRARY = "libc++";
				CLANG_ENABLE_MODULES = YES;
				CLANG_ENABLE_OBJC_ARC = YES;
				CLANG_WARN_BOOL_CONVERSION = YES;
				CLANG_WARN_CONSTANT_CONVERSION = YES;
				CLANG_WARN_DIRECT_OBJC_ISA_USAGE = YES_ERROR;
				CLANG_WARN_EMPTY_BODY = YES;
				CLANG_WARN_ENUM_CONVERSION = YES;
				CLANG_WARN_INT_CONVERSION = YES;
				CLANG_WARN_OBJC_ROOT_CLASS = YES_ERROR;
				CLANG_WARN_UNREACHABLE_CODE = YES;
				CLANG_WARN__DUPLICATE_METHOD_MATCH = YES;
				"CODE_SIGN_IDENTITY[sdk=iphoneos*]" = "iPhone Developer";
				COPY_PHASE_STRIP = NO;
				ENABLE_STRICT_OBJC_MSGSEND = YES;
				GCC_C_LANGUAGE_STANDARD = gnu99;
				GCC_DYNAMIC_NO_PIC = NO;
				GCC_OPTIMIZATION_LEVEL = 0;
				GCC_PREPROCESSOR_DEFINITIONS = (
					"DEBUG=1",
					"$(inherited)",
				);
				GCC_SYMBOLS_PRIVATE_EXTERN = NO;
				GCC_WARN_64_TO_32_BIT_CONVERSION = YES;
				GCC_WARN_ABOUT_RETURN_TYPE = YES_ERROR;
				GCC_WARN_UNDECLARED_SELECTOR = YES;
				GCC_WARN_UNINITIALIZED_AUTOS = YES_AGGRESSIVE;
				GCC_WARN_UNUSED_FUNCTION = YES;
				GCC_WARN_UNUSED_VARIABLE = YES;
				IPHONEOS_DEPLOYMENT_TARGET = 8.1;
				MTL_ENABLE_DEBUG_INFO = YES;
				ONLY_ACTIVE_ARCH = YES;
				SDKROOT = iphoneos;
				TARGETED_DEVICE_FAMILY = "1,2";
			};
			name = Debug;
		};
		B0D1FC6A1A53818C0028D301 /* Release */ = {
			isa = XCBuildConfiguration;
			buildSettings = {
				ALWAYS_SEARCH_USER_PATHS = NO;
				CLANG_CXX_LANGUAGE_STANDARD = "gnu++0x";
				CLANG_CXX_LIBRARY = "libc++";
				CLANG_ENABLE_MODULES = YES;
				CLANG_ENABLE_OBJC_ARC = YES;
				CLANG_WARN_BOOL_CONVERSION = YES;
				CLANG_WARN_CONSTANT_CONVERSION = YES;
				CLANG_WARN_DIRECT_OBJC_ISA_USAGE = YES_ERROR;
				CLANG_WARN_EMPTY_BODY = YES;
				CLANG_WARN_ENUM_CONVERSION = YES;
				CLANG_WARN_INT_CONVERSION = YES;
				CLANG_WARN_OBJC_ROOT_CLASS = YES_ERROR;
				CLANG_WARN_UNREACHABLE_CODE = YES;
				CLANG_WARN__DUPLICATE_METHOD_MATCH = YES;
				"CODE_SIGN_IDENTITY[sdk=iphoneos*]" = "iPhone Developer";
				COPY_PHASE_STRIP = YES;
				ENABLE_NS_ASSERTIONS = NO;
				ENABLE_STRICT_OBJC_MSGSEND = YES;
				GCC_C_LANGUAGE_STANDARD = gnu99;
				GCC_WARN_64_TO_32_BIT_CONVERSION = YES;
				GCC_WARN_ABOUT_RETURN_TYPE = YES_ERROR;
				GCC_WARN_UNDECLARED_SELECTOR = YES;
				GCC_WARN_UNINITIALIZED_AUTOS = YES_AGGRESSIVE;
				GCC_WARN_UNUSED_FUNCTION = YES;
				GCC_WARN_UNUSED_VARIABLE = YES;
				IPHONEOS_DEPLOYMENT_TARGET = 8.1;
				MTL_ENABLE_DEBUG_INFO = NO;
				SDKROOT = iphoneos;
				TARGETED_DEVICE_FAMILY = "1,2";
				VALIDATE_PRODUCT = YES;
			};
			name = Release;
		};
		B0D1FC6C1A53818C0028D301 /* Debug */ = {
			isa = XCBuildConfiguration;
			buildSettings = {
				ASSETCATALOG_COMPILER_APPICON_NAME = AppIcon;
				INFOPLIST_FILE = ShutterBug/Info.plist;
				LD_RUNPATH_SEARCH_PATHS = "$(inherited) @executable_path/Frameworks";
				PRODUCT_NAME = "$(TARGET_NAME)";
			};
			name = Debug;
		};
		B0D1FC6D1A53818C0028D301 /* Release */ = {
			isa = XCBuildConfiguration;
			buildSettings = {
				ASSETCATALOG_COMPILER_APPICON_NAME = AppIcon;
				INFOPLIST_FILE = ShutterBug/Info.plist;
				LD_RUNPATH_SEARCH_PATHS = "$(inherited) @executable_path/Frameworks";
				PRODUCT_NAME = "$(TARGET_NAME)";
			};
			name = Release;
		};
		B0D1FC6F1A53818C0028D301 /* Debug */ = {
			isa = XCBuildConfiguration;
			buildSettings = {
				BUNDLE_LOADER = "$(TEST_HOST)";
				FRAMEWORK_SEARCH_PATHS = (
					"$(SDKROOT)/Developer/Library/Frameworks",
					"$(inherited)",
				);
				GCC_PREPROCESSOR_DEFINITIONS = (
					"DEBUG=1",
					"$(inherited)",
				);
				INFOPLIST_FILE = ShutterBugTests/Info.plist;
				LD_RUNPATH_SEARCH_PATHS = "$(inherited) @executable_path/Frameworks @loader_path/Frameworks";
				PRODUCT_NAME = "$(TARGET_NAME)";
				TEST_HOST = "$(BUILT_PRODUCTS_DIR)/ShutterBug.app/ShutterBug";
			};
			name = Debug;
		};
		B0D1FC701A53818C0028D301 /* Release */ = {
			isa = XCBuildConfiguration;
			buildSettings = {
				BUNDLE_LOADER = "$(TEST_HOST)";
				FRAMEWORK_SEARCH_PATHS = (
					"$(SDKROOT)/Developer/Library/Frameworks",
					"$(inherited)",
				);
				INFOPLIST_FILE = ShutterBugTests/Info.plist;
				LD_RUNPATH_SEARCH_PATHS = "$(inherited) @executable_path/Frameworks @loader_path/Frameworks";
				PRODUCT_NAME = "$(TARGET_NAME)";
				TEST_HOST = "$(BUILT_PRODUCTS_DIR)/ShutterBug.app/ShutterBug";
			};
			name = Release;
		};
/* End XCBuildConfiguration section */

/* Begin XCConfigurationList section */
		B0D1FC431A53818C0028D301 /* Build configuration list for PBXProject "ShutterBug" */ = {
			isa = XCConfigurationList;
			buildConfigurations = (
				B0D1FC691A53818C0028D301 /* Debug */,
				B0D1FC6A1A53818C0028D301 /* Release */,
			);
			defaultConfigurationIsVisible = 0;
			defaultConfigurationName = Release;
		};
		B0D1FC6B1A53818C0028D301 /* Build configuration list for PBXNativeTarget "ShutterBug" */ = {
			isa = XCConfigurationList;
			buildConfigurations = (
				B0D1FC6C1A53818C0028D301 /* Debug */,
				B0D1FC6D1A53818C0028D301 /* Release */,
			);
			defaultConfigurationIsVisible = 0;
			defaultConfigurationName = Release;
		};
		B0D1FC6E1A53818C0028D301 /* Build configuration list for PBXNativeTarget "ShutterBugTests" */ = {
			isa = XCConfigurationList;
			buildConfigurations = (
				B0D1FC6F1A53818C0028D301 /* Debug */,
				B0D1FC701A53818C0028D301 /* Release */,
			);
			defaultConfigurationIsVisible = 0;
			defaultConfigurationName = Release;
		};
/* End XCConfigurationList section */
	};
	rootObject = B0D1FC401A53818C0028D301 /* Project object */;
}
